
Microsoft Visual Studio Solution File, Format Version 12.00
# Visual Studio Version 16
VisualStudioVersion = 16.0.29009.5
MinimumVisualStudioVersion = 10.0.40219.1
Project("{9A19103F-16F7-4668-BE54-9A1E7A4F7556}") = "FCM", "FCM\FCM.csproj", "{68850700-7170-4BBC-AC40-E84AAD84B195}"
EndProject
Project("{9A19103F-16F7-4668-BE54-9A1E7A4F7556}") = "FCM.Test", "FCM.Test\FCM.Test.csproj", "{27DBA93B-C628-40C0-9904-697519CBD8EA}"
EndProject
Project("{FAE04EC0-301F-11D3-BF4B-00C04F79EFBC}") = "FCM.Web", "FCM.Web\FCM.Web.csproj", "{72ABBF44-6FF4-448C-8836-B19E62AC5C76}"
EndProject
Global
	GlobalSection(SolutionConfigurationPlatforms) = preSolution
		Debug|Any CPU = Debug|Any CPU
		Release|Any CPU = Release|Any CPU
	EndGlobalSection
	GlobalSection(ProjectConfigurationPlatforms) = postSolution
		{68850700-7170-4BBC-AC40-E84AAD84B195}.Debug|Any CPU.ActiveCfg = Debug|Any CPU
		{68850700-7170-4BBC-AC40-E84AAD84B195}.Debug|Any CPU.Build.0 = Debug|Any CPU
		{68850700-7170-4BBC-AC40-E84AAD84B195}.Release|Any CPU.ActiveCfg = Release|Any CPU
		{68850700-7170-4BBC-AC40-E84AAD84B195}.Release|Any CPU.Build.0 = Release|Any CPU
		{27DBA93B-C628-40C0-9904-697519CBD8EA}.Debug|Any CPU.ActiveCfg = Debug|Any CPU
		{27DBA93B-C628-40C0-9904-697519CBD8EA}.Debug|Any CPU.Build.0 = Debug|Any CPU
		{27DBA93B-C628-40C0-9904-697519CBD8EA}.Release|Any CPU.ActiveCfg = Release|Any CPU
		{27DBA93B-C628-40C0-9904-697519CBD8EA}.Release|Any CPU.Build.0 = Release|Any CPU
		{72ABBF44-6FF4-448C-8836-B19E62AC5C76}.Debug|Any CPU.ActiveCfg = Debug|Any CPU
		{72ABBF44-6FF4-448C-8836-B19E62AC5C76}.Debug|Any CPU.Build.0 = Debug|Any CPU
		{72ABBF44-6FF4-448C-8836-B19E62AC5C76}.Release|Any CPU.ActiveCfg = Release|Any CPU
		{72ABBF44-6FF4-448C-8836-B19E62AC5C76}.Release|Any CPU.Build.0 = Release|Any CPU
	EndGlobalSection
	GlobalSection(SolutionProperties) = preSolution
		HideSolutionNode = FALSE
	EndGlobalSection
	GlobalSection(ExtensibilityGlobals) = postSolution
		SolutionGuid = {D2401696-425F-4687-94BE-6C5630B9F530}
	EndGlobalSection
EndGlobal
